# THIS IS AN AUTOGENERATED FILE. DO NOT EDIT THIS FILE DIRECTLY.
# yarn lockfile v1


"@napi-rs/canvas-android-arm64@0.1.64":
  version "0.1.64"
  resolved "https://registry.yarnpkg.com/@napi-rs/canvas-android-arm64/-/canvas-android-arm64-0.1.64.tgz#6b39679cb8df8caac46085569f67a3a02cc84eca"
  integrity sha512-kyS1b0lt3Nj6QDci8mHTjLA782OpUz5+yiDzsXeOOdqPgiKuDX6ff228gJcZ5/vEOf40rvxar9cYArsTeSuhqQ==

"@napi-rs/canvas-darwin-arm64@0.1.64":
  version "0.1.64"
  resolved "https://registry.yarnpkg.com/@napi-rs/canvas-darwin-arm64/-/canvas-darwin-arm64-0.1.64.tgz#b6cd176d7ea57e6f2f716bae2ed323d3fe406e10"
  integrity sha512-FiXkDoQcTaKWU5ZavEpyYTB+gwLtML/KMnYBi/t5gQGbEC5sOM16S4UtQNAb5zraam0/75wqFyVbgIt3H5JbWg==

"@napi-rs/canvas-darwin-x64@0.1.64":
  version "0.1.64"
  resolved "https://registry.yarnpkg.com/@napi-rs/canvas-darwin-x64/-/canvas-darwin-x64-0.1.64.tgz#35e67a5b02d1aef3117e018070698ceab23c5fd3"
  integrity sha512-TobMkHfS93VBdZclq7V82tnbYT7+swKe4rhuRtIAi+HolIPhKkoZP6mUthl841Sfsuo0f2o6ZJxn+Y6DWmZ3Tg==

"@napi-rs/canvas-linux-arm-gnueabihf@0.1.64":
  version "0.1.64"
  resolved "https://registry.yarnpkg.com/@napi-rs/canvas-linux-arm-gnueabihf/-/canvas-linux-arm-gnueabihf-0.1.64.tgz#cb2055b19e10f15da321ee06b83a19653bf632d2"
  integrity sha512-Zs4+wQpLMjsIvC1sC0+HeYsMGrNtqkhgEMdIHEA5yWLaGmLlsiiqJ+ZZKasynHLklWFfV6ywkfhPTLs2n80tlQ==

"@napi-rs/canvas-linux-arm64-gnu@0.1.64":
  version "0.1.64"
  resolved "https://registry.yarnpkg.com/@napi-rs/canvas-linux-arm64-gnu/-/canvas-linux-arm64-gnu-0.1.64.tgz#192c042cbf96fecfd63ced6b84b2e5ae7a829ce0"
  integrity sha512-AaE2LU42iASw5PE8UdJ/GxAHfN2nKvnwgDL9rR+JzsN19fl4Av8R2VlnBBKVKGJekeqlAN+J+9oIFIGvKUpkpA==

"@napi-rs/canvas-linux-arm64-musl@0.1.64":
  version "0.1.64"
  resolved "https://registry.yarnpkg.com/@napi-rs/canvas-linux-arm64-musl/-/canvas-linux-arm64-musl-0.1.64.tgz#7a1a33a03e0e4eb43156f7c075dfb3cd296b9446"
  integrity sha512-EcScvyDfBaP44pfrRxDAmv/NKo7CAM34a5HVo6xSPAlLhLaOWTcMJrlZc14Sx105Q46u2myH1DcTtVsFO9XRfg==

"@napi-rs/canvas-linux-riscv64-gnu@0.1.64":
  version "0.1.64"
  resolved "https://registry.yarnpkg.com/@napi-rs/canvas-linux-riscv64-gnu/-/canvas-linux-riscv64-gnu-0.1.64.tgz#167aa6ade291a9bf0f36d3dc39785d9d5c9cf42e"
  integrity sha512-XlqIGfNxV3JF4+mzn+BVxCsKeYGHhYnHo5m8COn012iEri0UXU65VSgMVbAa+78neu9bXoBWT0fUI2TrnV+u1Q==

"@napi-rs/canvas-linux-x64-gnu@0.1.64":
  version "0.1.64"
  resolved "https://registry.yarnpkg.com/@napi-rs/canvas-linux-x64-gnu/-/canvas-linux-x64-gnu-0.1.64.tgz#9208749509ca72b18b73137e64aa8b1d2d23a99e"
  integrity sha512-TuVeg6ISOV/NmAYE7Gg5/lyE/SW3a2Unrd+3kTVcI76LHfZwZcdPaNaU9GKJLLv1O5/zMcgK/lJmYOpI+JU4NQ==

"@napi-rs/canvas-linux-x64-musl@0.1.64":
  version "0.1.64"
  resolved "https://registry.yarnpkg.com/@napi-rs/canvas-linux-x64-musl/-/canvas-linux-x64-musl-0.1.64.tgz#b6a4a0757e68517bfca560c7343bda1d3a0723ce"
  integrity sha512-JwfHdmSIRPlP+u8xglfxcqYfpjg6k/HROBKjeA5eSNCHUiSdH/HStyieAkMInyNjbqVL0FwTgLLNWW16fqTq8w==

"@napi-rs/canvas-win32-x64-msvc@0.1.64":
  version "0.1.64"
  resolved "https://registry.yarnpkg.com/@napi-rs/canvas-win32-x64-msvc/-/canvas-win32-x64-msvc-0.1.64.tgz#b8b54c18371dfa14d4c72722215c140ec3afcb73"
  integrity sha512-iVrrc+Ob9yNJ6yPeMRympLOszg2JvV6DaSostBbAs714eaQ/+i5b6dTI0QRdb/JWpm95CQ7SM/kOPZJZv7Rfjw==

"@napi-rs/canvas@^0.1.64":
  version "0.1.64"
  resolved "https://registry.yarnpkg.com/@napi-rs/canvas/-/canvas-0.1.64.tgz#4bd9d3d7fb0e29b1eaea4a8e21ba3e86e9eeea78"
  integrity sha512-GjvaYebjPsnvGxBsUJxW2Bh1Di9kVifWZ+LLeQEI7se4SD5Ts7GRpdLXhKM05wA4GB9reClFLRd4lUoFMcTMxw==
  optionalDependencies:
    "@napi-rs/canvas-android-arm64" "0.1.64"
    "@napi-rs/canvas-darwin-arm64" "0.1.64"
    "@napi-rs/canvas-darwin-x64" "0.1.64"
    "@napi-rs/canvas-linux-arm-gnueabihf" "0.1.64"
    "@napi-rs/canvas-linux-arm64-gnu" "0.1.64"
    "@napi-rs/canvas-linux-arm64-musl" "0.1.64"
    "@napi-rs/canvas-linux-riscv64-gnu" "0.1.64"
    "@napi-rs/canvas-linux-x64-gnu" "0.1.64"
    "@napi-rs/canvas-linux-x64-musl" "0.1.64"
    "@napi-rs/canvas-win32-x64-msvc" "0.1.64"

jquery@^3.7.1:
  version "3.7.1"
  resolved "https://registry.yarnpkg.com/jquery/-/jquery-3.7.1.tgz#083ef98927c9a6a74d05a6af02806566d16274de"
  integrity sha512-m4avr8yL8kmFN8psrbFFFmB/If14iN5o9nw/NgnnM+kybDJpRsAynV2BsfpTYrTRysYUdADVD7CkUUizgkpLfg==

lightgallery@^2.8.2:
  version "2.8.2"
  resolved "https://registry.yarnpkg.com/lightgallery/-/lightgallery-2.8.2.tgz#7f2d1b75a640c60cda274b52a4f3d4164a47f116"
  integrity sha512-6BV7joQtgdHUhDgNPeGu/RWqcGvmvwbyJpTdB5jgKX5nhU5yGEG3PVaETIlAEEV15Uop+8p+F3PqnokFUlywZA==

pdfjs-dist@^4.9.124:
  version "4.9.124"
  resolved "https://registry.yarnpkg.com/pdfjs-dist/-/pdfjs-dist-4.9.124.tgz#e82b409c515247688b1f8b93cde28ef41d0f691c"
  integrity sha512-yAoM7C+IYIG23dAZHE2KqtE5exEj067Ef6oblb+AHiqLwTJSQOMB+e8ftBA3pp1+6TyE4xeofoHcu9t7XaOE0g==
  optionalDependencies:
    "@napi-rs/canvas" "^0.1.64"

pdfobject@^2.3.0:
  version "2.3.0"
  resolved "https://registry.yarnpkg.com/pdfobject/-/pdfobject-2.3.0.tgz#467b4ffcd621518aa0e66fc191fdd669f3118b06"
  integrity sha512-w/9pXDXTDs3IDmOri/w8lM/w6LHR0/F4fcBLLzH+4csSoyshQ5su0TE7k0FLHZO7aOjVLDGecqd1M89+PVpVAA==
