# THIS IS AN AUTOGENERATED FILE. DO NOT EDIT THIS FILE DIRECTLY.
# yarn lockfile v1


"@napi-rs/canvas-android-arm64@1.0.0":
  version "1.0.0"
  resolved "https://registry.yarnpkg.com/@napi-rs/canvas-android-arm64/-/canvas-android-arm64-1.0.0.tgz#cacd3370e84070285d35f0b102168b851c74fd08"
  integrity sha512-3hNKJObUK7JsCF9aJlVCs1J0/KE/gGfZNeK8MO1ge6bB3aicr5walGme9t9No1f/oyk9GgvdAT/rjSdsx3gbIw==

"@napi-rs/canvas-darwin-arm64@1.0.0":
  version "1.0.0"
  resolved "https://registry.yarnpkg.com/@napi-rs/canvas-darwin-arm64/-/canvas-darwin-arm64-1.0.0.tgz#88f6b27ce29235871fb54338de5121a7cf3e5785"
  integrity sha512-ZIja19/BiGz2puhki+WUYSRriwFeFJ8Mi9eK3hZdSS85w4Y60cuEAJVhMCfKwswQkKkUtrnzdKMBuO7TupvexA==

"@napi-rs/canvas-darwin-x64@1.0.0":
  version "1.0.0"
  resolved "https://registry.yarnpkg.com/@napi-rs/canvas-darwin-x64/-/canvas-darwin-x64-1.0.0.tgz#076388f7fe0bd59a5a0e01b81b60c9f6f4db4e5e"
  integrity sha512-hImggWc82jqZVpEsFR9S7PE9OQYjq/H/D7vwCGB6X1jRH+UVBP1+1niJTPBOat1B154T6GKK7/kcFtoWgjgFzQ==

"@napi-rs/canvas-linux-arm-gnueabihf@1.0.0":
  version "1.0.0"
  resolved "https://registry.yarnpkg.com/@napi-rs/canvas-linux-arm-gnueabihf/-/canvas-linux-arm-gnueabihf-1.0.0.tgz#2d02a8db8bbfb93f0f169cff370498d6626dbe13"
  integrity sha512-hlJRy6d+kWLKVOG/+1rEvNQVURZ0DxxRPJsLmEWwhwiXZUJc0BF5o9esALHSEP4CoJK4wChRtj3hnyBgVx2oWA==

"@napi-rs/canvas-linux-arm64-gnu@1.0.0":
  version "1.0.0"
  resolved "https://registry.yarnpkg.com/@napi-rs/canvas-linux-arm64-gnu/-/canvas-linux-arm64-gnu-1.0.0.tgz#f45329df9e566a6cb2edd81be2f5526ab81f4599"
  integrity sha512-5Hru4T3RXkosRQafcjelv7AUzw9mXqmGYsxnzeDDOWveFCJyEPMSJltvGCM+jfH98seOCbfwm9KyFg6Jm5FhAA==

"@napi-rs/canvas-linux-arm64-musl@1.0.0":
  version "1.0.0"
  resolved "https://registry.yarnpkg.com/@napi-rs/canvas-linux-arm64-musl/-/canvas-linux-arm64-musl-1.0.0.tgz#5ff7155748c06014a5f4382199ef2ad97ace42bb"
  integrity sha512-LTUl9jS8WsLSUGaxQZKQkxfluOJRpgvBuxxdM4pYcjib+di8AU4OzQc6+L6SzGMLcKc9H0RAjojRatBhTMqYdg==

"@napi-rs/canvas-linux-riscv64-gnu@1.0.0":
  version "1.0.0"
  resolved "https://registry.yarnpkg.com/@napi-rs/canvas-linux-riscv64-gnu/-/canvas-linux-riscv64-gnu-1.0.0.tgz#06d0e7c408281a3e9860e7d678e87793f7296a2d"
  integrity sha512-Iz931SAZf+WVDzpjk52Q3ffW3zw0YflFwEZMgs036Wfu1kX/LrwT9wGjsuSqyduqefUkl91/vTdAjn8hQu5ezA==

"@napi-rs/canvas-linux-x64-gnu@1.0.0":
  version "1.0.0"
  resolved "https://registry.yarnpkg.com/@napi-rs/canvas-linux-x64-gnu/-/canvas-linux-x64-gnu-1.0.0.tgz#dd17c874e01e2fe8a139865bb9fcb1a72c597821"
  integrity sha512-pFEQ5eFK4JusgN1K6KkO9DKP/Hi1WMJOkF8Ch03/khTc4bFbCKkCCsJG4YcOMOW9bI4XbT2/eMAWxhO0xaWgPA==

"@napi-rs/canvas-linux-x64-musl@1.0.0":
  version "1.0.0"
  resolved "https://registry.yarnpkg.com/@napi-rs/canvas-linux-x64-musl/-/canvas-linux-x64-musl-1.0.0.tgz#4fe4109051f2fae34cb90699ab84d50c07557ced"
  integrity sha512-jnvr8NrLHiZ3NCiOKWqDbkI4Ah+QDrqtZ+sddPZBltEb1mQ2coSvCSJYfict+oAwcm0c970oTmVySpjKP/lnaA==

"@napi-rs/canvas-win32-arm64-msvc@1.0.0":
  version "1.0.0"
  resolved "https://registry.yarnpkg.com/@napi-rs/canvas-win32-arm64-msvc/-/canvas-win32-arm64-msvc-1.0.0.tgz#45c3af7a07aae0ef30cc001b0c8860bbf0c2c2f9"
  integrity sha512-y2j9/Gfd5joqiqxdP/L1smqjQ+uAx3C4N0EC7bDHrnZEEH8ToM/OC5p3uHvtj4Lq591aHj+ArL01UDLNwT5HgQ==

"@napi-rs/canvas-win32-x64-msvc@1.0.0":
  version "1.0.0"
  resolved "https://registry.yarnpkg.com/@napi-rs/canvas-win32-x64-msvc/-/canvas-win32-x64-msvc-1.0.0.tgz#384b5fa730d0625239d8578af02d2dd85a0ce1b0"
  integrity sha512-qwdhh9N6Gge/hC4pL9S1tQp0iKwhSl/dYjg7+RGp9k26iRGRi5MqqUyKGOXIWli0zOcuy5Y2wIH/jk2ry6i/jA==

"@napi-rs/canvas@^1.0.0":
  version "1.0.0"
  resolved "https://registry.yarnpkg.com/@napi-rs/canvas/-/canvas-1.0.0.tgz#39bfa6cf5f3122ec14b1315574123a894e80a68d"
  integrity sha512-Jqxcy1XOIqj+lH9sl1GT+il6GR3uQv13vI2mrwubP3uT8Olak2ClDrK2RnxlQKjwv8BRr4b3ug0YR7c6hBX8wg==
  optionalDependencies:
    "@napi-rs/canvas-android-arm64" "1.0.0"
    "@napi-rs/canvas-darwin-arm64" "1.0.0"
    "@napi-rs/canvas-darwin-x64" "1.0.0"
    "@napi-rs/canvas-linux-arm-gnueabihf" "1.0.0"
    "@napi-rs/canvas-linux-arm64-gnu" "1.0.0"
    "@napi-rs/canvas-linux-arm64-musl" "1.0.0"
    "@napi-rs/canvas-linux-riscv64-gnu" "1.0.0"
    "@napi-rs/canvas-linux-x64-gnu" "1.0.0"
    "@napi-rs/canvas-linux-x64-musl" "1.0.0"
    "@napi-rs/canvas-win32-arm64-msvc" "1.0.0"
    "@napi-rs/canvas-win32-x64-msvc" "1.0.0"

lightgallery@^2.9.0:
  version "2.9.0"
  resolved "https://registry.yarnpkg.com/lightgallery/-/lightgallery-2.9.0.tgz#b3b6e15169eb9b840f70e14d67b9ec0a213cc612"
  integrity sha512-58Ud1DyhD2ao58t+kPEqSZrjFxg23tGd5ZKr75erm7q31g5xhUtWUJH3sTUkhHzlyJAKHj5eTrJ37HQRXG4Wbg==

pdfjs-dist@^6.0.227:
  version "6.0.227"
  resolved "https://registry.yarnpkg.com/pdfjs-dist/-/pdfjs-dist-6.0.227.tgz#0ede7c81851b474d071d30b61753e3fa91e27790"
  integrity sha512-/P6M4SXw+70waMVLUM7rdRtvo+dEzqE1t6W/zQNvBETo2MaRa5rrvCcAYdfWGiUzadTgM0lJmRApUrW0d9zgKg==
  optionalDependencies:
    "@napi-rs/canvas" "^1.0.0"

pdfobject@^2.3.1:
  version "2.3.1"
  resolved "https://registry.yarnpkg.com/pdfobject/-/pdfobject-2.3.1.tgz#ab63000e3c9dd22fd0c07002f7f1bf86b54dd5d7"
  integrity sha512-vluuGiSDmMGpOvWFGiUY4trNB8aGKLDVxIXuuGHjX0kK3bMxCANUVtLivctE7uejLBScWCnbVarKatFVvdwXaQ==
