# THIS IS AN AUTOGENERATED FILE. DO NOT EDIT THIS FILE DIRECTLY.
# yarn lockfile v1


"@napi-rs/canvas-android-arm64@0.1.89":
  version "0.1.89"
  resolved "https://registry.yarnpkg.com/@napi-rs/canvas-android-arm64/-/canvas-android-arm64-0.1.89.tgz#963311a39d3f3ba10c9134c72c0ffc2193b96c60"
  integrity sha512-CXxQTXsjtQqKGENS8Ejv9pZOFJhOPIl2goenS+aU8dY4DygvkyagDhy/I07D1YLqrDtPvLEX5zZHt8qUdnuIpQ==

"@napi-rs/canvas-darwin-arm64@0.1.89":
  version "0.1.89"
  resolved "https://registry.yarnpkg.com/@napi-rs/canvas-darwin-arm64/-/canvas-darwin-arm64-0.1.89.tgz#65d060df9af12b909715a92ae700ecd7e095549e"
  integrity sha512-k29cR/Zl20WLYM7M8YePevRu2VQRaKcRedYr1V/8FFHkyIQ8kShEV+MPoPGi+znvmd17Eqjy2Pk2F2kpM2umVg==

"@napi-rs/canvas-darwin-x64@0.1.89":
  version "0.1.89"
  resolved "https://registry.yarnpkg.com/@napi-rs/canvas-darwin-x64/-/canvas-darwin-x64-0.1.89.tgz#44564d1c80428cd268968bb9e3942d283c086548"
  integrity sha512-iUragqhBrA5FqU13pkhYBDbUD1WEAIlT8R2+fj6xHICY2nemzwMUI8OENDhRh7zuL06YDcRwENbjAVxOmaX9jg==

"@napi-rs/canvas-linux-arm-gnueabihf@0.1.89":
  version "0.1.89"
  resolved "https://registry.yarnpkg.com/@napi-rs/canvas-linux-arm-gnueabihf/-/canvas-linux-arm-gnueabihf-0.1.89.tgz#25949e92912dcb066731f1e8894b4ef7d69e4855"
  integrity sha512-y3SM9sfDWasY58ftoaI09YBFm35Ig8tosZqgahLJ2WGqawCusGNPV9P0/4PsrLOCZqGg629WxexQMY25n7zcvA==

"@napi-rs/canvas-linux-arm64-gnu@0.1.89":
  version "0.1.89"
  resolved "https://registry.yarnpkg.com/@napi-rs/canvas-linux-arm64-gnu/-/canvas-linux-arm64-gnu-0.1.89.tgz#4745290f1eeadf2deb3bdc8471ef5a6cf3491873"
  integrity sha512-NEoF9y8xq5fX8HG8aZunBom1ILdTwt7ayBzSBIwrmitk7snj4W6Fz/yN/ZOmlM1iyzHDNX5Xn0n+VgWCF8BEdA==

"@napi-rs/canvas-linux-arm64-musl@0.1.89":
  version "0.1.89"
  resolved "https://registry.yarnpkg.com/@napi-rs/canvas-linux-arm64-musl/-/canvas-linux-arm64-musl-0.1.89.tgz#19b080b3c042185cb9a01ca9e87c993216796da1"
  integrity sha512-UQQkIEzV12/l60j1ziMjZ+mtodICNUbrd205uAhbyTw0t60CrC/EsKb5/aJWGq1wM0agvcgZV72JJCKfLS6+4w==

"@napi-rs/canvas-linux-riscv64-gnu@0.1.89":
  version "0.1.89"
  resolved "https://registry.yarnpkg.com/@napi-rs/canvas-linux-riscv64-gnu/-/canvas-linux-riscv64-gnu-0.1.89.tgz#71f47c00c46b060c4115f9c28241610c55c95e6d"
  integrity sha512-1/VmEoFaIO6ONeeEMGoWF17wOYZOl5hxDC1ios2Bkz/oQjbJJ8DY/X22vWTmvuUKWWhBVlo63pxLGZbjJU/heA==

"@napi-rs/canvas-linux-x64-gnu@0.1.89":
  version "0.1.89"
  resolved "https://registry.yarnpkg.com/@napi-rs/canvas-linux-x64-gnu/-/canvas-linux-x64-gnu-0.1.89.tgz#81994923d0740c33ddfd12025b4cee6e97e2c35a"
  integrity sha512-ebLuqkCuaPIkKgKH9q4+pqWi1tkPOfiTk5PM1LKR1tB9iO9sFNVSIgwEp+SJreTSbA2DK5rW8lQXiN78SjtcvA==

"@napi-rs/canvas-linux-x64-musl@0.1.89":
  version "0.1.89"
  resolved "https://registry.yarnpkg.com/@napi-rs/canvas-linux-x64-musl/-/canvas-linux-x64-musl-0.1.89.tgz#10414639f2fa45c2b64dbb7959b4bd2449cdd08b"
  integrity sha512-w+5qxHzplvA4BkHhCaizNMLLXiI+CfP84YhpHm/PqMub4u8J0uOAv+aaGv40rYEYra5hHRWr9LUd6cfW32o9/A==

"@napi-rs/canvas-win32-arm64-msvc@0.1.89":
  version "0.1.89"
  resolved "https://registry.yarnpkg.com/@napi-rs/canvas-win32-arm64-msvc/-/canvas-win32-arm64-msvc-0.1.89.tgz#a17f5f4bc23912b7bd3cad943af574d4674075aa"
  integrity sha512-DmyXa5lJHcjOsDC78BM3bnEECqbK3xASVMrKfvtT/7S7Z8NGQOugvu+L7b41V6cexCd34mBWgMOsjoEBceeB1Q==

"@napi-rs/canvas-win32-x64-msvc@0.1.89":
  version "0.1.89"
  resolved "https://registry.yarnpkg.com/@napi-rs/canvas-win32-x64-msvc/-/canvas-win32-x64-msvc-0.1.89.tgz#d506d23592c1002ac292bab9ebb3ec1c2646f0aa"
  integrity sha512-WMej0LZrIqIncQcx0JHaMXlnAG7sncwJh7obs/GBgp0xF9qABjwoRwIooMWCZkSansapKGNUHhamY6qEnFN7gA==

"@napi-rs/canvas@^0.1.88":
  version "0.1.89"
  resolved "https://registry.yarnpkg.com/@napi-rs/canvas/-/canvas-0.1.89.tgz#bf3e22e8277c877b2db2313816ef9a1e4fa68a66"
  integrity sha512-7GjmkMirJHejeALCqUnZY3QwID7bbumOiLrqq2LKgxrdjdmxWQBTc6rcASa2u8wuWrH7qo4/4n/VNrOwCoKlKg==
  optionalDependencies:
    "@napi-rs/canvas-android-arm64" "0.1.89"
    "@napi-rs/canvas-darwin-arm64" "0.1.89"
    "@napi-rs/canvas-darwin-x64" "0.1.89"
    "@napi-rs/canvas-linux-arm-gnueabihf" "0.1.89"
    "@napi-rs/canvas-linux-arm64-gnu" "0.1.89"
    "@napi-rs/canvas-linux-arm64-musl" "0.1.89"
    "@napi-rs/canvas-linux-riscv64-gnu" "0.1.89"
    "@napi-rs/canvas-linux-x64-gnu" "0.1.89"
    "@napi-rs/canvas-linux-x64-musl" "0.1.89"
    "@napi-rs/canvas-win32-arm64-msvc" "0.1.89"
    "@napi-rs/canvas-win32-x64-msvc" "0.1.89"

jquery@^4.0.0:
  version "4.0.0"
  resolved "https://registry.yarnpkg.com/jquery/-/jquery-4.0.0.tgz#95c33ac29005ff72ec444c5ba1cf457e61404fbb"
  integrity sha512-TXCHVR3Lb6TZdtw1l3RTLf8RBWVGexdxL6AC8/e0xZKEpBflBsjh9/8LXw+dkNFuOyW9B7iB3O1sP7hS0Kiacg==

lightgallery@^2.9.0:
  version "2.9.0"
  resolved "https://registry.yarnpkg.com/lightgallery/-/lightgallery-2.9.0.tgz#b3b6e15169eb9b840f70e14d67b9ec0a213cc612"
  integrity sha512-58Ud1DyhD2ao58t+kPEqSZrjFxg23tGd5ZKr75erm7q31g5xhUtWUJH3sTUkhHzlyJAKHj5eTrJ37HQRXG4Wbg==

node-readable-to-web-readable-stream@^0.4.2:
  version "0.4.2"
  resolved "https://registry.yarnpkg.com/node-readable-to-web-readable-stream/-/node-readable-to-web-readable-stream-0.4.2.tgz#634da58d3fe42a47d4608f1d7f14f85e18daeabe"
  integrity sha512-/cMZNI34v//jUTrI+UIo4ieHAB5EZRY/+7OmXZgBxaWBMcW2tGdceIw06RFxWxrKZ5Jp3sI2i5TsRo+CBhtVLQ==

pdfjs-dist@^5.4.624:
  version "5.4.624"
  resolved "https://registry.yarnpkg.com/pdfjs-dist/-/pdfjs-dist-5.4.624.tgz#f00911beb481de998c29e8e464b88d500cb1f4a8"
  integrity sha512-sm6TxKTtWv1Oh6n3C6J6a8odejb5uO4A4zo/2dgkHuC0iu8ZMAXOezEODkVaoVp8nX1Xzr+0WxFJJmUr45hQzg==
  optionalDependencies:
    "@napi-rs/canvas" "^0.1.88"
    node-readable-to-web-readable-stream "^0.4.2"

pdfobject@^2.3.1:
  version "2.3.1"
  resolved "https://registry.yarnpkg.com/pdfobject/-/pdfobject-2.3.1.tgz#ab63000e3c9dd22fd0c07002f7f1bf86b54dd5d7"
  integrity sha512-vluuGiSDmMGpOvWFGiUY4trNB8aGKLDVxIXuuGHjX0kK3bMxCANUVtLivctE7uejLBScWCnbVarKatFVvdwXaQ==
